
Microsoft Visual Studio Solution File, Format Version 12.00
# Visual Studio Version 17
VisualStudioVersion = 17.0.32014.148
MinimumVisualStudioVersion = 10.0.40219.1
Project("{FAE04EC0-301F-11D3-BF4B-00C04F79EFBC}") = "MF.TokenAuthenticationWithJwtWithoutIdentity01.Api", "src\MF.TokenAuthenticationWithJwtWithoutIdentity01.Api\MF.TokenAuthenticationWithJwtWithoutIdentity01.Api.csproj", "{5B6BD85B-1660-4241-BE71-FEF57F778620}"
EndProject
Global
	GlobalSection(SolutionConfigurationPlatforms) = preSolution
		Debug|Any CPU = Debug|Any CPU
		Release|Any CPU = Release|Any CPU
	EndGlobalSection
	GlobalSection(ProjectConfigurationPlatforms) = postSolution
		{5B6BD85B-1660-4241-BE71-FEF57F778620}.Debug|Any CPU.ActiveCfg = Debug|Any CPU
		{5B6BD85B-1660-4241-BE71-FEF57F778620}.Debug|Any CPU.Build.0 = Debug|Any CPU
		{5B6BD85B-1660-4241-BE71-FEF57F778620}.Release|Any CPU.ActiveCfg = Release|Any CPU
		{5B6BD85B-1660-4241-BE71-FEF57F778620}.Release|Any CPU.Build.0 = Release|Any CPU
	EndGlobalSection
	GlobalSection(SolutionProperties) = preSolution
		HideSolutionNode = FALSE
	EndGlobalSection
	GlobalSection(ExtensibilityGlobals) = postSolution
		SolutionGuid = {C14452C0-753F-4779-A23C-648649D3A1A1}
	EndGlobalSection
EndGlobal
